
Microsoft Visual Studio Solution File, Format Version 12.00
# Visual Studio Version 17
VisualStudioVersion = 17.8.34525.116
MinimumVisualStudioVersion = 10.0.40219.1
Project("{9A19103F-16F7-4668-BE54-9A1E7A4F7556}") = "ITD.Finanzas.API", "ITD.Finanzas.API\ITD.Finanzas.API.csproj", "{4D90E27C-F3C7-471E-815A-DE6B1E65129F}"
EndProject
Project("{9A19103F-16F7-4668-BE54-9A1E7A4F7556}") = "ITD.Finanzas.Domain", "ITD.Finanzas.Domain\ITD.Finanzas.Domain.csproj", "{CFADDBD5-3724-494F-9D90-11F28D248BA4}"
EndProject
Project("{9A19103F-16F7-4668-BE54-9A1E7A4F7556}") = "ITD.Finanzas.Infraestructure", "ITD.Prueba.Infraestructure\ITD.Finanzas.Infraestructure.csproj", "{E5A46C3E-A098-43F4-8C3B-DDB76982671A}"
EndProject
Project("{FAE04EC0-301F-11D3-BF4B-00C04F79EFBC}") = "ITD.Finanzas.Application", "ITD.Finanzas.Application\ITD.Finanzas.Application.csproj", "{2F96CFFE-000D-48E1-8EF2-B3144CB608E0}"
EndProject
Global
	GlobalSection(SolutionConfigurationPlatforms) = preSolution
		Debug|Any CPU = Debug|Any CPU
		Release|Any CPU = Release|Any CPU
	EndGlobalSection
	GlobalSection(ProjectConfigurationPlatforms) = postSolution
		{4D90E27C-F3C7-471E-815A-DE6B1E65129F}.Debug|Any CPU.ActiveCfg = Debug|Any CPU
		{4D90E27C-F3C7-471E-815A-DE6B1E65129F}.Debug|Any CPU.Build.0 = Debug|Any CPU
		{4D90E27C-F3C7-471E-815A-DE6B1E65129F}.Release|Any CPU.ActiveCfg = Release|Any CPU
		{4D90E27C-F3C7-471E-815A-DE6B1E65129F}.Release|Any CPU.Build.0 = Release|Any CPU
		{CFADDBD5-3724-494F-9D90-11F28D248BA4}.Debug|Any CPU.ActiveCfg = Debug|Any CPU
		{CFADDBD5-3724-494F-9D90-11F28D248BA4}.Debug|Any CPU.Build.0 = Debug|Any CPU
		{CFADDBD5-3724-494F-9D90-11F28D248BA4}.Release|Any CPU.ActiveCfg = Release|Any CPU
		{CFADDBD5-3724-494F-9D90-11F28D248BA4}.Release|Any CPU.Build.0 = Release|Any CPU
		{E5A46C3E-A098-43F4-8C3B-DDB76982671A}.Debug|Any CPU.ActiveCfg = Debug|Any CPU
		{E5A46C3E-A098-43F4-8C3B-DDB76982671A}.Debug|Any CPU.Build.0 = Debug|Any CPU
		{E5A46C3E-A098-43F4-8C3B-DDB76982671A}.Release|Any CPU.ActiveCfg = Release|Any CPU
		{E5A46C3E-A098-43F4-8C3B-DDB76982671A}.Release|Any CPU.Build.0 = Release|Any CPU
		{2F96CFFE-000D-48E1-8EF2-B3144CB608E0}.Debug|Any CPU.ActiveCfg = Debug|Any CPU
		{2F96CFFE-000D-48E1-8EF2-B3144CB608E0}.Debug|Any CPU.Build.0 = Debug|Any CPU
		{2F96CFFE-000D-48E1-8EF2-B3144CB608E0}.Release|Any CPU.ActiveCfg = Release|Any CPU
		{2F96CFFE-000D-48E1-8EF2-B3144CB608E0}.Release|Any CPU.Build.0 = Release|Any CPU
	EndGlobalSection
	GlobalSection(SolutionProperties) = preSolution
		HideSolutionNode = FALSE
	EndGlobalSection
	GlobalSection(ExtensibilityGlobals) = postSolution
		SolutionGuid = {4ED59D28-E883-4668-A549-8A560E7C12FD}
	EndGlobalSection
EndGlobal
